<Solution>
  <Project Path="Motely.CLI/Motely.CLI.csproj" />
  <Project Path="Motely/Motely.csproj" />
  <Project Path="Motely.HomeApi/Motely.HomeApi.csproj" />
  <Project Path="Motely.DistributedWorker/Motely.DistributedWorker.csproj" />
  <Project Path="Motely.Tests/Motely.Tests.csproj" />
</Solution>
